<?xml version="1.0" encoding="utf-8"?>
<Project ToolsVersion="4.0" xmlns="http://schemas.microsoft.com/developer/msbuild/2003">
  <ItemGroup>
    <ClCompile Include="bg.cpp">
      <Filter>ソースファイル</Filter>
    </ClCompile>
    <ClCompile Include="bullet.cpp">
      <Filter>ソースファイル</Filter>
    </ClCompile>
    <ClCompile Include="collision.cpp">
      <Filter>ソースファイル</Filter>
    </ClCompile>
    <ClCompile Include="combo.cpp">
      <Filter>ソースファイル</Filter>
    </ClCompile>
    <ClCompile Include="enemy.cpp">
      <Filter>ソースファイル</Filter>
    </ClCompile>
    <ClCompile Include="enemybullet.cpp">
      <Filter>ソースファイル</Filter>
    </ClCompile>
    <ClCompile Include="fade.cpp">
      <Filter>ソースファイル</Filter>
    </ClCompile>
    <ClCompile Include="frame.cpp">
      <Filter>ソースファイル</Filter>
    </ClCompile>
    <ClCompile Include="game.cpp">
      <Filter>ソースファイル</Filter>
    </ClCompile>
    <ClCompile Include="inputx.cpp">
      <Filter>ソースファイル</Filter>
    </ClCompile>
    <ClCompile Include="keyboard.cpp">
      <Filter>ソースファイル</Filter>
    </ClCompile>
    <ClCompile Include="lane.cpp">
      <Filter>ソースファイル</Filter>
    </ClCompile>
    <ClCompile Include="main.cpp">
      <Filter>ソースファイル</Filter>
    </ClCompile>
    <ClCompile Include="Over.cpp">
      <Filter>ソースファイル</Filter>
    </ClCompile>
    <ClCompile Include="player.cpp">
      <Filter>ソースファイル</Filter>
    </ClCompile>
    <ClCompile Include="renderer.cpp">
      <Filter>ソースファイル</Filter>
    </ClCompile>
    <ClCompile Include="Result.cpp">
      <Filter>ソースファイル</Filter>
    </ClCompile>
    <ClCompile Include="rhythm.cpp">
      <Filter>ソースファイル</Filter>
    </ClCompile>
    <ClCompile Include="scene.cpp">
      <Filter>ソースファイル</Filter>
    </ClCompile>
    <ClCompile Include="score.cpp">
      <Filter>ソースファイル</Filter>
    </ClCompile>
    <ClCompile Include="skill_select.cpp">
      <Filter>ソースファイル</Filter>
    </ClCompile>
    <ClCompile Include="sound.cpp">
      <Filter>ソースファイル</Filter>
    </ClCompile>
    <ClCompile Include="special.cpp">
      <Filter>ソースファイル</Filter>
    </ClCompile>
    <ClCompile Include="sprite.cpp">
      <Filter>ソースファイル</Filter>
    </ClCompile>
    <ClCompile Include="stage_select.cpp">
      <Filter>ソースファイル</Filter>
    </ClCompile>
    <ClCompile Include="texture.cpp">
      <Filter>ソースファイル</Filter>
    </ClCompile>
    <ClCompile Include="title.cpp">
      <Filter>ソースファイル</Filter>
    </ClCompile>
    <ClCompile Include="MapChip .cpp">
      <Filter>ソースファイル</Filter>
    </ClCompile>
  </ItemGroup>
  <ItemGroup>
    <ClInclude Include="collision.h">
      <Filter>ヘッダーファイル</Filter>
    </ClInclude>
    <ClInclude Include="bg.h">
      <Filter>ヘッダーファイル</Filter>
    </ClInclude>
    <ClInclude Include="bullet.h">
      <Filter>ヘッダーファイル</Filter>
    </ClInclude>
    <ClInclude Include="combo.h">
      <Filter>ヘッダーファイル</Filter>
    </ClInclude>
    <ClInclude Include="enemy.h">
      <Filter>ヘッダーファイル</Filter>
    </ClInclude>
    <ClInclude Include="enemybullet.h">
      <Filter>ヘッダーファイル</Filter>
    </ClInclude>
    <ClInclude Include="fade.h">
      <Filter>ヘッダーファイル</Filter>
    </ClInclude>
    <ClInclude Include="frame.h">
      <Filter>ヘッダーファイル</Filter>
    </ClInclude>
    <ClInclude Include="game.h">
      <Filter>ヘッダーファイル</Filter>
    </ClInclude>
    <ClInclude Include="inputx.h">
      <Filter>ヘッダーファイル</Filter>
    </ClInclude>
    <ClInclude Include="keyboard.h">
      <Filter>ヘッダーファイル</Filter>
    </ClInclude>
    <ClInclude Include="lane.h">
      <Filter>ヘッダーファイル</Filter>
    </ClInclude>
    <ClInclude Include="main.h">
      <Filter>ヘッダーファイル</Filter>
    </ClInclude>
    <ClInclude Include="Over.h">
      <Filter>ヘッダーファイル</Filter>
    </ClInclude>
    <ClInclude Include="player.h">
      <Filter>ヘッダーファイル</Filter>
    </ClInclude>
    <ClInclude Include="renderer.h">
      <Filter>ヘッダーファイル</Filter>
    </ClInclude>
    <ClInclude Include="Result.h">
      <Filter>ヘッダーファイル</Filter>
    </ClInclude>
    <ClInclude Include="rhythm.h">
      <Filter>ヘッダーファイル</Filter>
    </ClInclude>
    <ClInclude Include="scene.h">
      <Filter>ヘッダーファイル</Filter>
    </ClInclude>
    <ClInclude Include="score.h">
      <Filter>ヘッダーファイル</Filter>
    </ClInclude>
    <ClInclude Include="skill_select.h">
      <Filter>ヘッダーファイル</Filter>
    </ClInclude>
    <ClInclude Include="sound.h">
      <Filter>ヘッダーファイル</Filter>
    </ClInclude>
    <ClInclude Include="special.h">
      <Filter>ヘッダーファイル</Filter>
    </ClInclude>
    <ClInclude Include="sprite.h">
      <Filter>ヘッダーファイル</Filter>
    </ClInclude>
    <ClInclude Include="stage_select.h">
      <Filter>ヘッダーファイル</Filter>
    </ClInclude>
    <ClInclude Include="texture.h">
      <Filter>ヘッダーファイル</Filter>
    </ClInclude>
    <ClInclude Include="title.h">
      <Filter>ヘッダーファイル</Filter>
    </ClInclude>
    <ClInclude Include="MapChip.h" />
  </ItemGroup>
  <ItemGroup>
    <Filter Include="ヘッダーファイル">
      <UniqueIdentifier>{2abbc47f-0626-4db6-bb6b-9089990dd328}</UniqueIdentifier>
    </Filter>
    <Filter Include="ソースファイル">
      <UniqueIdentifier>{2490f17a-3427-4cb7-94a6-c4cc2ad42ed8}</UniqueIdentifier>
    </Filter>
  </ItemGroup>
</Project>